PODS:
  - ReactorKit (3.1.0):
    - RxSwift (~> 6.0)
    - WeakMapTable (~> 1.1)
  - RxCocoa (6.2.0):
    - RxRelay (= 6.2.0)
    - RxSwift (= 6.2.0)
  - RxGesture (4.0.3):
    - RxCocoa (~> 6.0)
    - RxSwift (~> 6.0)
  - RxRelay (6.2.0):
    - RxSwift (= 6.2.0)
  - RxSwift (6.2.0)
  - RxViewController (2.0.0):
    - RxCocoa (~> 6.0)
    - RxSwift (~> 6.0)
  - WeakMapTable (1.2.0)

DEPENDENCIES:
  - ReactorKit
  - RxCocoa
  - RxGesture
  - RxSwift
  - RxViewController

SPEC REPOS:
  trunk:
    - ReactorKit
    - RxCocoa
    - RxGesture
    - RxRelay
    - RxSwift
    - RxViewController
    - WeakMapTable

SPEC CHECKSUMS:
  ReactorKit: a06dd2a5c9339287aedf3dc821cfab6347eca106
  RxCocoa: 4baf94bb35f2c0ab31bc0cb9f1900155f646ba42
  RxGesture: abadd243fc36db74df43dfc893829ddde94f1a3d
  RxRelay: e72dbfd157807478401ef1982e1c61c945c94b2f
  RxSwift: d356ab7bee873611322f134c5f9ef379fa183d8f
  RxViewController: 56486fa0afd629a1d6b5ba077f3b8cd9dc31b5d2
  WeakMapTable: 05c694ce8439a7a9ebabb56187287a63c57673d6

PODFILE CHECKSUM: 6debfa0e76bed58186c640b80b7641a787389358

COCOAPODS: 1.11.2
